
Microsoft Visual Studio Solution File, Format Version 12.00
# Visual Studio Version 17
VisualStudioVersion = 17.11.35208.52
MinimumVisualStudioVersion = 10.0.40219.1
Project("{FAE04EC0-301F-11D3-BF4B-00C04F79EFBC}") = "SH_Basic_App_GitHub", "SH_Basic_App_GitHub\SH_Basic_App_GitHub.csproj", "{E1E5C786-4ACE-49DD-BBBF-EBA6F9FD152D}"
EndProject
Project("{FAE04EC0-301F-11D3-BF4B-00C04F79EFBC}") = "SH_Basic_App_Core.Tests", "SH_Basic_App_Core.Tests\SH_Basic_App_Core.Tests.csproj", "{EDF903CB-B359-4CBD-8283-0E479E5D5085}"
EndProject
Global
	GlobalSection(SolutionConfigurationPlatforms) = preSolution
		Debug|Any CPU = Debug|Any CPU
		Release|Any CPU = Release|Any CPU
	EndGlobalSection
	GlobalSection(ProjectConfigurationPlatforms) = postSolution
		{E1E5C786-4ACE-49DD-BBBF-EBA6F9FD152D}.Debug|Any CPU.ActiveCfg = Debug|Any CPU
		{E1E5C786-4ACE-49DD-BBBF-EBA6F9FD152D}.Debug|Any CPU.Build.0 = Debug|Any CPU
		{E1E5C786-4ACE-49DD-BBBF-EBA6F9FD152D}.Release|Any CPU.ActiveCfg = Release|Any CPU
		{E1E5C786-4ACE-49DD-BBBF-EBA6F9FD152D}.Release|Any CPU.Build.0 = Release|Any CPU
		{EDF903CB-B359-4CBD-8283-0E479E5D5085}.Debug|Any CPU.ActiveCfg = Debug|Any CPU
		{EDF903CB-B359-4CBD-8283-0E479E5D5085}.Debug|Any CPU.Build.0 = Debug|Any CPU
		{EDF903CB-B359-4CBD-8283-0E479E5D5085}.Release|Any CPU.ActiveCfg = Release|Any CPU
		{EDF903CB-B359-4CBD-8283-0E479E5D5085}.Release|Any CPU.Build.0 = Release|Any CPU
	EndGlobalSection
	GlobalSection(SolutionProperties) = preSolution
		HideSolutionNode = FALSE
	EndGlobalSection
	GlobalSection(ExtensibilityGlobals) = postSolution
		SolutionGuid = {2078DD97-F120-414E-B133-985559C06258}
	EndGlobalSection
EndGlobal
